
Microsoft Visual Studio Solution File, Format Version 12.00
# Visual Studio Version 16
VisualStudioVersion = 16.0.29201.188
MinimumVisualStudioVersion = 10.0.40219.1
Project("{FAE04EC0-301F-11D3-BF4B-00C04F79EFBC}") = "HWforLesson2", "HWforLesson2\HWforLesson2.csproj", "{E6ED4271-56EB-43B0-A5B4-2212348B1DFD}"
EndProject
Project("{FAE04EC0-301F-11D3-BF4B-00C04F79EFBC}") = "HWforLesson3", "HWforLesson3\HWforLesson3.csproj", "{C3EFC808-45E4-410D-9C29-411BA5989626}"
EndProject
Project("{FAE04EC0-301F-11D3-BF4B-00C04F79EFBC}") = "HWforLesson4", "HWforLesson4\HWforLesson4.csproj", "{05878D1F-D162-492B-AAAE-DF0E30E45B3A}"
EndProject
Project("{FAE04EC0-301F-11D3-BF4B-00C04F79EFBC}") = "HWforLesson5", "HWforLesson5\HWforLesson5.csproj", "{2101D97D-C8BA-4DE3-8AFD-4E9CB5FE05AE}"
EndProject
Project("{FAE04EC0-301F-11D3-BF4B-00C04F79EFBC}") = "HWforLesson7", "HWforLesson7\HWforLesson7.csproj", "{B1E77B48-08B7-4F52-A38F-5BF2720F7B2C}"
EndProject
Global
	GlobalSection(SolutionConfigurationPlatforms) = preSolution
		Debug|Any CPU = Debug|Any CPU
		Release|Any CPU = Release|Any CPU
	EndGlobalSection
	GlobalSection(ProjectConfigurationPlatforms) = postSolution
		{E6ED4271-56EB-43B0-A5B4-2212348B1DFD}.Debug|Any CPU.ActiveCfg = Debug|Any CPU
		{E6ED4271-56EB-43B0-A5B4-2212348B1DFD}.Debug|Any CPU.Build.0 = Debug|Any CPU
		{E6ED4271-56EB-43B0-A5B4-2212348B1DFD}.Release|Any CPU.ActiveCfg = Release|Any CPU
		{E6ED4271-56EB-43B0-A5B4-2212348B1DFD}.Release|Any CPU.Build.0 = Release|Any CPU
		{C3EFC808-45E4-410D-9C29-411BA5989626}.Debug|Any CPU.ActiveCfg = Debug|Any CPU
		{C3EFC808-45E4-410D-9C29-411BA5989626}.Debug|Any CPU.Build.0 = Debug|Any CPU
		{C3EFC808-45E4-410D-9C29-411BA5989626}.Release|Any CPU.ActiveCfg = Release|Any CPU
		{C3EFC808-45E4-410D-9C29-411BA5989626}.Release|Any CPU.Build.0 = Release|Any CPU
		{05878D1F-D162-492B-AAAE-DF0E30E45B3A}.Debug|Any CPU.ActiveCfg = Debug|Any CPU
		{05878D1F-D162-492B-AAAE-DF0E30E45B3A}.Debug|Any CPU.Build.0 = Debug|Any CPU
		{05878D1F-D162-492B-AAAE-DF0E30E45B3A}.Release|Any CPU.ActiveCfg = Release|Any CPU
		{05878D1F-D162-492B-AAAE-DF0E30E45B3A}.Release|Any CPU.Build.0 = Release|Any CPU
		{2101D97D-C8BA-4DE3-8AFD-4E9CB5FE05AE}.Debug|Any CPU.ActiveCfg = Debug|Any CPU
		{2101D97D-C8BA-4DE3-8AFD-4E9CB5FE05AE}.Debug|Any CPU.Build.0 = Debug|Any CPU
		{2101D97D-C8BA-4DE3-8AFD-4E9CB5FE05AE}.Release|Any CPU.ActiveCfg = Release|Any CPU
		{2101D97D-C8BA-4DE3-8AFD-4E9CB5FE05AE}.Release|Any CPU.Build.0 = Release|Any CPU
		{B1E77B48-08B7-4F52-A38F-5BF2720F7B2C}.Debug|Any CPU.ActiveCfg = Debug|Any CPU
		{B1E77B48-08B7-4F52-A38F-5BF2720F7B2C}.Debug|Any CPU.Build.0 = Debug|Any CPU
		{B1E77B48-08B7-4F52-A38F-5BF2720F7B2C}.Release|Any CPU.ActiveCfg = Release|Any CPU
		{B1E77B48-08B7-4F52-A38F-5BF2720F7B2C}.Release|Any CPU.Build.0 = Release|Any CPU
	EndGlobalSection
	GlobalSection(SolutionProperties) = preSolution
		HideSolutionNode = FALSE
	EndGlobalSection
	GlobalSection(ExtensibilityGlobals) = postSolution
		SolutionGuid = {D27C1D82-FBDA-457E-9863-FF923EF90B45}
	EndGlobalSection
EndGlobal
